
Microsoft Visual Studio Solution File, Format Version 12.00
# Visual Studio 15
VisualStudioVersion = 15.0.27130.2010
MinimumVisualStudioVersion = 10.0.40219.1
Project("{FAE04EC0-301F-11D3-BF4B-00C04F79EFBC}") = "ApiEscola", "ApiEscola\ApiEscola.csproj", "{02C30429-9831-4688-BAD2-BFEE95288B77}"
EndProject
Global
	GlobalSection(SolutionConfigurationPlatforms) = preSolution
		Debug|Any CPU = Debug|Any CPU
		Release|Any CPU = Release|Any CPU
	EndGlobalSection
	GlobalSection(ProjectConfigurationPlatforms) = postSolution
		{02C30429-9831-4688-BAD2-BFEE95288B77}.Debug|Any CPU.ActiveCfg = Debug|Any CPU
		{02C30429-9831-4688-BAD2-BFEE95288B77}.Debug|Any CPU.Build.0 = Debug|Any CPU
		{02C30429-9831-4688-BAD2-BFEE95288B77}.Release|Any CPU.ActiveCfg = Release|Any CPU
		{02C30429-9831-4688-BAD2-BFEE95288B77}.Release|Any CPU.Build.0 = Release|Any CPU
	EndGlobalSection
	GlobalSection(SolutionProperties) = preSolution
		HideSolutionNode = FALSE
	EndGlobalSection
	GlobalSection(ExtensibilityGlobals) = postSolution
		SolutionGuid = {6435550A-0256-4E54-9734-5DFE010518C0}
	EndGlobalSection
EndGlobal
